
Microsoft Visual Studio Solution File, Format Version 12.00
# Visual Studio Version 17
VisualStudioVersion = 17.9.34723.18
MinimumVisualStudioVersion = 10.0.40219.1
Project("{FAE04EC0-301F-11D3-BF4B-00C04F79EFBC}") = "Programmering2", "Programmering2\Programmering2.csproj", "{0A284F33-2014-4EF8-9A48-63F09F8347AD}"
EndProject
Global
	GlobalSection(SolutionConfigurationPlatforms) = preSolution
		Debug|Any CPU = Debug|Any CPU
		Release|Any CPU = Release|Any CPU
	EndGlobalSection
	GlobalSection(ProjectConfigurationPlatforms) = postSolution
		{0A284F33-2014-4EF8-9A48-63F09F8347AD}.Debug|Any CPU.ActiveCfg = Debug|Any CPU
		{0A284F33-2014-4EF8-9A48-63F09F8347AD}.Debug|Any CPU.Build.0 = Debug|Any CPU
		{0A284F33-2014-4EF8-9A48-63F09F8347AD}.Release|Any CPU.ActiveCfg = Release|Any CPU
		{0A284F33-2014-4EF8-9A48-63F09F8347AD}.Release|Any CPU.Build.0 = Release|Any CPU
	EndGlobalSection
	GlobalSection(SolutionProperties) = preSolution
		HideSolutionNode = FALSE
	EndGlobalSection
	GlobalSection(ExtensibilityGlobals) = postSolution
		SolutionGuid = {0AFDD81F-0205-461F-B0E4-54701A9AABB1}
	EndGlobalSection
EndGlobal
